
Microsoft Visual Studio Solution File, Format Version 12.00
# Visual Studio Version 16
VisualStudioVersion = 16.0.31515.178
MinimumVisualStudioVersion = 10.0.40219.1
Project("{FAE04EC0-301F-11D3-BF4B-00C04F79EFBC}") = "FizzBuzzMVC", "FizzBuzzMVC\FizzBuzzMVC.csproj", "{4B8ADE56-5079-4548-B86E-3AAF80CF19F3}"
EndProject
Global
	GlobalSection(SolutionConfigurationPlatforms) = preSolution
		Debug|Any CPU = Debug|Any CPU
		Release|Any CPU = Release|Any CPU
	EndGlobalSection
	GlobalSection(ProjectConfigurationPlatforms) = postSolution
		{4B8ADE56-5079-4548-B86E-3AAF80CF19F3}.Debug|Any CPU.ActiveCfg = Debug|Any CPU
		{4B8ADE56-5079-4548-B86E-3AAF80CF19F3}.Debug|Any CPU.Build.0 = Debug|Any CPU
		{4B8ADE56-5079-4548-B86E-3AAF80CF19F3}.Release|Any CPU.ActiveCfg = Release|Any CPU
		{4B8ADE56-5079-4548-B86E-3AAF80CF19F3}.Release|Any CPU.Build.0 = Release|Any CPU
	EndGlobalSection
	GlobalSection(SolutionProperties) = preSolution
		HideSolutionNode = FALSE
	EndGlobalSection
	GlobalSection(ExtensibilityGlobals) = postSolution
		SolutionGuid = {542E3C69-7F6B-4110-9C68-A8BC1F46DC6E}
	EndGlobalSection
EndGlobal
